{
  "version": 2,
  "dependencies": {
    "net10.0": {
      "AspNetCore.HealthChecks.Rabbitmq": {
        "type": "Direct",
        "requested": "[9.0.0, )",
        "resolved": "9.0.0",
        "contentHash": "7WSQ7EwioA5niakzzLtGVcZMEOh+42fSwrI24vnNsT7gZuVGOViNekyz38G6wBPYKcpL/lUkMdg3ZaCiZTi/Dw==",
        "dependencies": {
          "Microsoft.Extensions.Diagnostics.HealthChecks": "8.0.11",
          "RabbitMQ.Client": "7.0.0"
        }
      },
      "AspNetCore.HealthChecks.Redis": {
        "type": "Direct",
        "requested": "[9.0.0, )",
        "resolved": "9.0.0",
        "contentHash": "yNH0h8GLRbAf+PU5HNVLZ5hNeyq9mDVmRKO9xuZsme/znUYoBJlQvI0gq45gaZNlLncCHkMhR4o90MuT+gxxPw==",
        "dependencies": {
          "Microsoft.Extensions.Diagnostics.HealthChecks": "8.0.11",
          "StackExchange.Redis": "2.7.4"
        }
      },
      "AspNetCore.HealthChecks.Sqlite": {
        "type": "Direct",
        "requested": "[9.0.0, )",
        "resolved": "9.0.0",
        "contentHash": "SHpWYRR7jh+OIERWK2iz/LhmhA17dL91J67J+0Pm/pkyEg6GyVYNAJzvj2SJPZo7Gf8oK6YVmLzosWbHck/eQQ==",
        "dependencies": {
          "Microsoft.Data.Sqlite": "8.0.0",
          "Microsoft.Extensions.Diagnostics.HealthChecks": "8.0.11"
        }
      },
      "AspNetCore.HealthChecks.SqlServer": {
        "type": "Direct",
        "requested": "[9.0.0, )",
        "resolved": "9.0.0",
        "contentHash": "UxCf65iCF2nU1u7AcB320abjL4CRg5swCgJECY6mKk1j5lrGMfVtskWwriGs1T29pYdRig9Vra3SPnP+4G82pA==",
        "dependencies": {
          "Microsoft.Data.SqlClient": "5.2.2",
          "Microsoft.Extensions.Diagnostics.HealthChecks": "8.0.11"
        }
      },
      "Azure.Extensions.AspNetCore.Configuration.Secrets": {
        "type": "Direct",
        "requested": "[1.5.2, )",
        "resolved": "1.5.2",
        "contentHash": "VWmWO1Wij7sGNpDk42DkzriVTZwFG6STI0+bbWoZMOSoaodi3bsOvgznrGooaxpkjtYNLDweM517jqnAiE1cHA==",
        "dependencies": {
          "Azure.Core": "1.61.0",
          "Azure.Security.KeyVault.Secrets": "4.11.0",
          "Microsoft.Extensions.Configuration": "10.0.10"
        }
      },
      "Azure.Extensions.AspNetCore.DataProtection.Blobs": {
        "type": "Direct",
        "requested": "[1.5.4, )",
        "resolved": "1.5.4",
        "contentHash": "5D9McHLGA7riU1z2Mtpt3nPq9rAcsc11hIm3Cb/In+wB2w+Osyvd03EjAS08c3UqiNIFOsAXCo37srPT6NH8uA==",
        "dependencies": {
          "Azure.Core": "1.61.0",
          "Azure.Storage.Blobs": "12.26.0",
          "Microsoft.AspNetCore.DataProtection": "10.0.10"
        }
      },
      "Azure.Extensions.AspNetCore.DataProtection.Keys": {
        "type": "Direct",
        "requested": "[1.6.4, )",
        "resolved": "1.6.4",
        "contentHash": "7uKgk1WzELt5Pbp09liae8HBL3XOe0x/+DGYYC5DCiCKGRxrGi0BfmVCqzvzXGMOxITL4THEYf1GklzmAuJRTQ==",
        "dependencies": {
          "Azure.Core": "1.61.0",
          "Azure.Security.KeyVault.Keys": "4.10.0",
          "Microsoft.AspNetCore.DataProtection": "10.0.10"
        }
      },
      "Azure.Identity": {
        "type": "Direct",
        "requested": "[1.21.0, )",
        "resolved": "1.21.0",
        "contentHash": "GeFv8sGwRKvDKwI2WFy8r0mhmlxEVZg24Sit2NogTjiSO8RVjllWM65OT6e1sKjOvG8V74y7hAbaELUUPjZQSw==",
        "dependencies": {
          "Azure.Core": "1.53.0"
        }
      },
      "Azure.Monitor.OpenTelemetry.AspNetCore": {
        "type": "Direct",
        "requested": "[1.6.0, )",
        "resolved": "1.6.0",
        "contentHash": "9H0JgEl5yVdpOz+GqPBL5Qtfw0k/gAQ9iD8L+W9ucrxwMG/CMwdAg4mWdLWKUvW56iDCQ8PAHVVCxC4Hg5l1AA==",
        "dependencies": {
          "Azure.Core": "1.60.0",
          "Azure.Monitor.OpenTelemetry.Exporter": "1.8.3",
          "OpenTelemetry.Extensions.Hosting": "1.15.3",
          "OpenTelemetry.Instrumentation.AspNetCore": "1.15.2",
          "OpenTelemetry.Instrumentation.Http": "1.15.1"
        }
      },
      "Azure.Storage.Blobs": {
        "type": "Direct",
        "requested": "[12.29.2, )",
        "resolved": "12.29.2",
        "contentHash": "NeZmk7bphspT2BYn8XaNCTV4/9vQG+ea79F85MBTi2o2WiXIIJNsRBtFyeBrzK2HIk476rfSqLNwPt4vXgOEkQ==",
        "dependencies": {
          "Azure.Core": "1.55.0",
          "Azure.Storage.Common": "12.28.0"
        }
      },
      "Meziantou.Analyzer": {
        "type": "Direct",
        "requested": "[3.0.200, )",
        "resolved": "3.0.200",
        "contentHash": "xDYQDG/pBdvC3r1PcqQw9d8/9dRYxh9xxljjgVydBezpxOUSABjuRjVWNoUmqNByrtWqwJ+nRdAwUuWPbU8uXQ=="
      },
      "Microsoft.CodeAnalysis.PublicApiAnalyzers": {
        "type": "Direct",
        "requested": "[5.6.0, )",
        "resolved": "5.6.0",
        "contentHash": "W4kJGezNIKLzo0Ak5FAQDFvkMf2U7DtGL4THmHyRSApfKsKt5V+eX/bU0ZLKAt/uf9Bb2o1bi0YDKj/GRB/vYQ=="
      },
      "Microsoft.Extensions.Http.Resilience": {
        "type": "Direct",
        "requested": "[10.9.0, )",
        "resolved": "10.9.0",
        "contentHash": "loWrGc0mZt6N91IV+PZQeNU4uvb2vHdKgU9pUo8i2SGix9edTNCVhwzBp3gWJeaXeoPMph6F9xXcXF4W2ePpRg==",
        "dependencies": {
          "Microsoft.Extensions.Http.Diagnostics": "10.9.0",
          "Microsoft.Extensions.ObjectPool": "10.0.11",
          "Microsoft.Extensions.Resilience": "10.9.0"
        }
      },
      "Microsoft.Extensions.ServiceDiscovery": {
        "type": "Direct",
        "requested": "[10.9.0, )",
        "resolved": "10.9.0",
        "contentHash": "mg982FgqvhLI/KGIpIqpx3SEyEbV6ZQUlAo6woNbj3kcqMa5pfCp2Cx/mxxXNqQrl5qbikPBhxGxtoXlFTzh0A==",
        "dependencies": {
          "Microsoft.Extensions.Http": "10.0.11",
          "Microsoft.Extensions.ServiceDiscovery.Abstractions": "10.9.0"
        }
      },
      "Microsoft.VisualStudio.Threading.Analyzers": {
        "type": "Direct",
        "requested": "[18.7.23, )",
        "resolved": "18.7.23",
        "contentHash": "dyj6z8m+LFjpeH69hdnciCcRCmD0YgMlvuQEywiEshjqj/blgQ+PuWX8Vd5gkWQFoBN4e+TFxx6DvGNSv/gIKg=="
      },
      "MinVer": {
        "type": "Direct",
        "requested": "[7.0.0, )",
        "resolved": "7.0.0",
        "contentHash": "2lMTCQl5bGP4iv0JNkockPnyllC6eHLz+CoK2ICvalvHod+exXSxueu9hq+zNkU7bZBJf8wMfeRC/Edn8AGmEg=="
      },
      "OpenTelemetry.Api": {
        "type": "Direct",
        "requested": "[1.18.0, )",
        "resolved": "1.18.0",
        "contentHash": "Dhzm5oughIY9EWckt2J1yXcEbXpki5WCL2q7prJoYxzH6C7jdkfGtPMTkUVZZ4AhjJKzQnlC+kLSIlmIVwC4Vw=="
      },
      "OpenTelemetry.Exporter.OpenTelemetryProtocol": {
        "type": "Direct",
        "requested": "[1.18.0, )",
        "resolved": "1.18.0",
        "contentHash": "Et3WAviooKGObZjUZN8d6eTsdJs1YM3ZoN+KlWSAHksTmHG1nyGi9XGo2wb0fkFMWK0g80FOPdR1njg52Dm+aw==",
        "dependencies": {
          "OpenTelemetry": "1.18.0"
        }
      },
      "OpenTelemetry.Extensions.Hosting": {
        "type": "Direct",
        "requested": "[1.18.0, )",
        "resolved": "1.18.0",
        "contentHash": "u+JMA82H65MKwMvd2qUpL8C2qE4Jux2nvX9hmy036UK/Apv2YyIRYCttF/vlX6nMPcAKI8BXkscmL4QG3C69fw==",
        "dependencies": {
          "Microsoft.Extensions.Hosting.Abstractions": "10.0.0",
          "OpenTelemetry": "1.18.0"
        }
      },
      "OpenTelemetry.Instrumentation.AspNetCore": {
        "type": "Direct",
        "requested": "[1.18.0, )",
        "resolved": "1.18.0",
        "contentHash": "hBiMXE/CGIAHUOpi0gScNkjHB0L9XbCin5lZObL+dMBl4OmpndnHgxP3JZDnnGtU6qOzdeh8TYUV9f6Jgmmhlw==",
        "dependencies": {
          "OpenTelemetry.Api.ProviderBuilderExtensions": "[1.18.0, 2.0.0)"
        }
      },
      "OpenTelemetry.Instrumentation.Http": {
        "type": "Direct",
        "requested": "[1.18.0, )",
        "resolved": "1.18.0",
        "contentHash": "/X57peOOa4a+9V4DSVXbuIWdsAxmU5gsxw8lu+gJU0zuewsYhC9f6qdm8GEW0VvqG9e+gxn0HdVR5G3YHcWDTw==",
        "dependencies": {
          "Microsoft.Extensions.Configuration": "10.0.0",
          "Microsoft.Extensions.Options": "10.0.0",
          "OpenTelemetry.Api.ProviderBuilderExtensions": "[1.18.0, 2.0.0)"
        }
      },
      "OpenTelemetry.Instrumentation.Runtime": {
        "type": "Direct",
        "requested": "[1.18.0, )",
        "resolved": "1.18.0",
        "contentHash": "McuXGjBJDL/Cown2PxfUQysK98MZG7ZDjO/IKUtaAx8t1m0PB0d+QtJC79RFTVipMhRIwjJiULNOp0OGfZbvwg==",
        "dependencies": {
          "OpenTelemetry.Api": "[1.18.0, 2.0.0)"
        }
      },
      "Roslynator.Analyzers": {
        "type": "Direct",
        "requested": "[5.0.0, )",
        "resolved": "5.0.0",
        "contentHash": "+J5kR/naCd62IwY2BG9P0QoHnJM8liBUFFAk6jga1t9s61JC3M+ofb3AY3wc73/pdROyKFCURqctQh8WRCIT/w=="
      },
      "Serilog.AspNetCore": {
        "type": "Direct",
        "requested": "[10.0.0, )",
        "resolved": "10.0.0",
        "contentHash": "a/cNa1mY4On1oJlfGG1wAvxjp5g7OEzk/Jf/nm7NF9cWoE7KlZw1GldrifUBWm9oKibHkR7Lg/l5jy3y7ACR8w==",
        "dependencies": {
          "Serilog": "4.3.0",
          "Serilog.Extensions.Hosting": "10.0.0",
          "Serilog.Formatting.Compact": "3.0.0",
          "Serilog.Settings.Configuration": "10.0.0",
          "Serilog.Sinks.Console": "6.1.1",
          "Serilog.Sinks.Debug": "3.0.0",
          "Serilog.Sinks.File": "7.0.0"
        }
      },
      "Serilog.Sinks.Console": {
        "type": "Direct",
        "requested": "[6.1.1, )",
        "resolved": "6.1.1",
        "contentHash": "8jbqgjUyZlfCuSTaJk6lOca465OndqOz3KZP6Cryt/IqZYybyBu7GP0fE/AXBzrrQB3EBmQntBFAvMVz1COvAA==",
        "dependencies": {
          "Serilog": "4.0.0"
        }
      },
      "Serilog.Sinks.File": {
        "type": "Direct",
        "requested": "[7.0.0, )",
        "resolved": "7.0.0",
        "contentHash": "fKL7mXv7qaiNBUC71ssvn/dU0k9t0o45+qm2XgKAlSt19xF+ijjxyA3R6HmCgfKEKwfcfkwWjayuQtRueZFkYw==",
        "dependencies": {
          "Serilog": "4.2.0"
        }
      },
      "SonarAnalyzer.CSharp": {
        "type": "Direct",
        "requested": "[10.33.0.1635, )",
        "resolved": "10.33.0.1635",
        "contentHash": "nOwgvMh7p64z62GTy2n4Ki51DVy4Q2ejxxfuclW6Y5u6Htk1i2RNRqxuONiZ/4aaBi8V6RwzuCcGTOFcoVoQOg=="
      },
      "SQLitePCLRaw.bundle_e_sqlite3": {
        "type": "Direct",
        "requested": "[3.0.5, )",
        "resolved": "3.0.5",
        "contentHash": "SW8iASIyWMrLzqabUHYQRvALhvD4ylSBsj4PgEVGwc36kQjc9xT5kSV/XQ9rU7nIpBWD+LPyX3Hlw5FzyUzGeQ==",
        "dependencies": {
          "SQLite": "3.53.4",
          "SQLitePCLRaw.config.e_sqlite3": "3.0.5"
        }
      },
      "StyleCop.Analyzers": {
        "type": "Direct",
        "requested": "[1.2.0-beta.556, )",
        "resolved": "1.2.0-beta.556",
        "contentHash": "llRPgmA1fhC0I0QyFLEcjvtM2239QzKr/tcnbsjArLMJxJlu0AA5G7Fft0OI30pHF3MW63Gf4aSSsjc5m82J1Q==",
        "dependencies": {
          "StyleCop.Analyzers.Unstable": "1.2.0.556"
        }
      },
      "System.Security.Cryptography.Xml": {
        "type": "Direct",
        "requested": "[10.0.11, )",
        "resolved": "10.0.11",
        "contentHash": "TokfVsaU2fmcwvsU6ihLCkseVfwhLX6Tmbl3qh3nOBIqHSX4yqFllpslA+PuHERH/ENu3kwqo4deZiyT0Wvh3Q==",
        "dependencies": {
          "System.Security.Cryptography.Pkcs": "10.0.11"
        }
      },
      "Azure.Core": {
        "type": "Transitive",
        "resolved": "1.61.0",
        "contentHash": "sns4J9zz7NCpfNYz9rMIly5/TjDkNsTnPAr4nNr0BUBzn6tn6RNOEHOKb7A7DhJj/dEFMSevp3Ye36cUiNmsfg==",
        "dependencies": {
          "Microsoft.Bcl.AsyncInterfaces": "10.0.9",
          "Microsoft.Extensions.Configuration.Abstractions": "10.0.9",
          "Microsoft.Extensions.Hosting.Abstractions": "10.0.9",
          "Microsoft.Identity.Client": "4.84.2",
          "Microsoft.Identity.Client.Extensions.Msal": "4.84.2",
          "System.ClientModel": "1.15.0",
          "System.Memory.Data": "10.0.9"
        }
      },
      "Azure.Monitor.OpenTelemetry.Exporter": {
        "type": "Transitive",
        "resolved": "1.8.3",
        "contentHash": "hZ35hXxiRuJcT67u970iqqJ+z2ol3Sg23/m1wwNNh8uzK/48uB9iJ3va9PQ7gXn6kij6wzowUe5olPPfObkEug==",
        "dependencies": {
          "Azure.Core": "1.60.0",
          "OpenTelemetry.Extensions.Hosting": "1.15.3",
          "OpenTelemetry.PersistentStorage.FileSystem": "1.0.3"
        }
      },
      "Azure.Security.KeyVault.Keys": {
        "type": "Transitive",
        "resolved": "4.10.0",
        "contentHash": "R5iW7mH0EXdl3wqLQ7qglFQXl5JPGmmYXxDxKFT/TraCw6yRhlt5/G3NCc0Wb98P2P3lRZEI8lqF3BY0m9RkNA==",
        "dependencies": {
          "Azure.Core": "1.54.0"
        }
      },
      "Azure.Security.KeyVault.Secrets": {
        "type": "Transitive",
        "resolved": "4.11.0",
        "contentHash": "tjpVczILiXTR9bEynSL1JBU80169hGnTECtGsFjnRz9E1xoIhfUsaUTnB79k995zDkOG61hOI+YBtf5bNqgRIQ==",
        "dependencies": {
          "Azure.Core": "1.54.0"
        }
      },
      "Azure.Storage.Common": {
        "type": "Transitive",
        "resolved": "12.28.0",
        "contentHash": "5l8YhNrks38zKLGFW2BBFLwieyamH/xauABSASsdpZv79G0f+n2n22IjkRmUqCmALSupkwRHh2LOhbW3yj5Qgw==",
        "dependencies": {
          "Azure.Core": "1.55.0",
          "System.IO.Hashing": "10.0.3"
        }
      },
      "Microsoft.AspNetCore.Cryptography.Internal": {
        "type": "Transitive",
        "resolved": "10.0.10",
        "contentHash": "T/kOT3kAVZU1B0QlpRxASpdbAJ/o5DLFW7bWS6vyE44uMqPmojEcaFENt6ww1xaLH++ZNwsEJ1YUOwPK050lNQ=="
      },
      "Microsoft.AspNetCore.DataProtection": {
        "type": "Transitive",
        "resolved": "10.0.10",
        "contentHash": "5sfrNrBShTlJeXvWNxjPS7ilLY4H6MICZPMZr/2vjoDoBH5Z8sQYJwbhulqfXh4yIpxIto0TcmOQHOElvpq+iQ==",
        "dependencies": {
          "Microsoft.AspNetCore.Cryptography.Internal": "10.0.10",
          "Microsoft.AspNetCore.DataProtection.Abstractions": "10.0.10",
          "Microsoft.Extensions.DependencyInjection.Abstractions": "10.0.10",
          "Microsoft.Extensions.Hosting.Abstractions": "10.0.10",
          "Microsoft.Extensions.Logging.Abstractions": "10.0.10",
          "Microsoft.Extensions.Options": "10.0.10",
          "System.Security.Cryptography.Xml": "10.0.10"
        }
      },
      "Microsoft.AspNetCore.DataProtection.Abstractions": {
        "type": "Transitive",
        "resolved": "10.0.10",
        "contentHash": "q2RNx0N/qrsU+JgbPE78I9pu5ekwguitAFVoeE1NCgxtkUTguvf7oTzBnn42zSQxuugJ4fmj0RSarob8Rvorrg=="
      },
      "Microsoft.Bcl.AsyncInterfaces": {
        "type": "Transitive",
        "resolved": "10.0.9",
        "contentHash": "Aq7M8lG6BrHeatqKqncVm9m55ec34k6nnfPRLe/PvGg+b/pAsRM2ejofeKmCLjTXMa+5NGXm382f8CG/D5WDow=="
      },
      "Microsoft.CSharp": {
        "type": "Transitive",
        "resolved": "4.5.0",
        "contentHash": "kaj6Wb4qoMuH3HySFJhxwQfe8R/sJsNJnANrvv8WdFPMoNbKY5htfNscv+LHCu5ipz+49m2e+WQXpLXr9XYemQ=="
      },
      "Microsoft.Data.SqlClient.SNI.runtime": {
        "type": "Transitive",
        "resolved": "5.2.0",
        "contentHash": "po1jhvFd+8pbfvJR/puh+fkHi0GRanAdvayh/0e47yaM6CXWZ6opUjCMFuYlAnD2LcbyvQE7fPJKvogmaUcN+w=="
      },
      "Microsoft.Data.Sqlite": {
        "type": "Transitive",
        "resolved": "8.0.0",
        "contentHash": "H+iC5IvkCCKSNHXzL3JARvDn7VpkvuJM91KVB89sKjeTF/KX/BocNNh93ZJtX5MCQKb/z4yVKgkU2sVIq+xKfg==",
        "dependencies": {
          "Microsoft.Data.Sqlite.Core": "8.0.0",
          "SQLitePCLRaw.bundle_e_sqlite3": "2.1.6"
        }
      },
      "Microsoft.Data.Sqlite.Core": {
        "type": "Transitive",
        "resolved": "8.0.0",
        "contentHash": "pujbzfszX7jAl7oTbHhqx7pxd9jibeyHHl8zy1gd55XMaKWjDtc5XhhNYwQnrwWYCInNdVoArbaaAvLgW7TwuA==",
        "dependencies": {
          "SQLitePCLRaw.core": "2.1.6"
        }
      },
      "Microsoft.Extensions.AmbientMetadata.Application": {
        "type": "Transitive",
        "resolved": "10.9.0",
        "contentHash": "BX45SeAjP6sz9Djg6Gm0/IruBuWkyUKxtr4pn9sLAuprnuRn+VBPZVH2XxpzbaT7cVCPim3+Dkijl6yhLHjBOw==",
        "dependencies": {
          "Microsoft.Extensions.Configuration": "10.0.11",
          "Microsoft.Extensions.Hosting.Abstractions": "10.0.11",
          "Microsoft.Extensions.Options.ConfigurationExtensions": "10.0.11"
        }
      },
      "Microsoft.Extensions.Compliance.Abstractions": {
        "type": "Transitive",
        "resolved": "10.9.0",
        "contentHash": "tuSqNuiJxlln43sZ8c1EDA4WXit1eX4foGadylXso3DnMVc+DtKfaNEwvHuiFXfPsEUZ6Z3GnF0Bfk9vvOsE4Q==",
        "dependencies": {
          "Microsoft.Extensions.DependencyInjection.Abstractions": "10.0.11",
          "Microsoft.Extensions.ObjectPool": "10.0.11"
        }
      },
      "Microsoft.Extensions.Configuration": {
        "type": "Transitive",
        "resolved": "10.0.11",
        "contentHash": "wlhRqZW8LcJPa+vk2oLAc/REXDItHtkFQdf/QcXYGZbZOO13izcsKY1pCvuFQYwUiZD+hwSZwsKASjqT+BNaVg==",
        "dependencies": {
          "Microsoft.Extensions.Configuration.Abstractions": "10.0.11",
          "Microsoft.Extensions.Primitives": "10.0.11"
        }
      },
      "Microsoft.Extensions.Configuration.Binder": {
        "type": "Transitive",
        "resolved": "10.0.11",
        "contentHash": "rFn8RuszZn3qquPVkDytMUlPc2+rXl9MCoygwc1XmAgC5vg5/oXJ8hkOosOrLoBLsqdTy4lFwP6iQdPS9uSYOA==",
        "dependencies": {
          "Microsoft.Extensions.Configuration": "10.0.11",
          "Microsoft.Extensions.Configuration.Abstractions": "10.0.11"
        }
      },
      "Microsoft.Extensions.Configuration.EnvironmentVariables": {
        "type": "Transitive",
        "resolved": "10.0.0",
        "contentHash": "TmFegsI/uCdwMBD4yKpmO+OkjVNHQL49Dh/ep83NI5rPUEoBK9OdsJo1zURc1A2FuS/R/Pos3wsTjlyLnguBLA==",
        "dependencies": {
          "Microsoft.Extensions.Configuration": "10.0.0",
          "Microsoft.Extensions.Configuration.Abstractions": "10.0.0"
        }
      },
      "Microsoft.Extensions.DependencyInjection": {
        "type": "Transitive",
        "resolved": "10.0.11",
        "contentHash": "PSmotV19c7E3lKed++uYo1kSiXFI+uTl37CBSrhq+CfLC3FCHjG7R91+xPnNehQfHS1b0Tzo/CCLPWH3qaEheg==",
        "dependencies": {
          "Microsoft.Extensions.DependencyInjection.Abstractions": "10.0.11"
        }
      },
      "Microsoft.Extensions.DependencyInjection.Abstractions": {
        "type": "Transitive",
        "resolved": "10.0.11",
        "contentHash": "/a1aJz4m7ylhEDf25ugQChLQoN5XwoGjWw/BoR/ZWWKsO1v4DdJElS1uyngahz4B/eOzjFk1KNTkarRLE5wsIg=="
      },
      "Microsoft.Extensions.DependencyInjection.AutoActivation": {
        "type": "Transitive",
        "resolved": "10.9.0",
        "contentHash": "hO/IpudHBl+EMXm1Ag8+7ersCN7VuiR6ech1+cVk8I+o7ssPRKdTozIAO4HGPt49G/lY6lo7G2kY5Q00biMHew==",
        "dependencies": {
          "Microsoft.Extensions.Hosting.Abstractions": "10.0.11"
        }
      },
      "Microsoft.Extensions.DependencyModel": {
        "type": "Transitive",
        "resolved": "10.0.0",
        "contentHash": "RFYJR7APio/BiqdQunRq6DB+nDB6nc2qhHr77mlvZ0q0BT8PubMXN7XicmfzCbrDE/dzhBnUKBRXLTcqUiZDGg=="
      },
      "Microsoft.Extensions.Diagnostics": {
        "type": "Transitive",
        "resolved": "10.0.11",
        "contentHash": "HT70uGPxMLqqnOzKMcnQtDmeV4r0KHr4qVCLhP7SXil9jMEm8sQXwcybxVVFGXZJ1V44xV0mLqQ54aZbcR2OiQ==",
        "dependencies": {
          "Microsoft.Extensions.Configuration": "10.0.11",
          "Microsoft.Extensions.Diagnostics.Abstractions": "10.0.11",
          "Microsoft.Extensions.Options.ConfigurationExtensions": "10.0.11"
        }
      },
      "Microsoft.Extensions.Diagnostics.Abstractions": {
        "type": "Transitive",
        "resolved": "10.0.11",
        "contentHash": "se7Kx8QpJEt+nf26L4qIVAofGTDr1wbexxsh/Fm3Xc04xUkqUXK06KUS7FLwSQYSjqb7q9n+T7MEcXYBhI1Y5g==",
        "dependencies": {
          "Microsoft.Extensions.DependencyInjection.Abstractions": "10.0.11",
          "Microsoft.Extensions.Options": "10.0.11"
        }
      },
      "Microsoft.Extensions.Diagnostics.ExceptionSummarization": {
        "type": "Transitive",
        "resolved": "10.9.0",
        "contentHash": "Cyp36W6/XHD6sSDnbc6Ss7M+qOcjrer400Dx4Tfkb5OHcKV6bp9uMqZ4Y8PAoSwTfS8a/3lB9xCF+CLf0JGUig==",
        "dependencies": {
          "Microsoft.Extensions.DependencyInjection.Abstractions": "10.0.11"
        }
      },
      "Microsoft.Extensions.Diagnostics.HealthChecks": {
        "type": "Transitive",
        "resolved": "8.0.11",
        "contentHash": "zLgN22Zp9pk8RHlwssRTexw4+a6wqOnKWN+VejdPn5Yhjql4XiBhkFo35Nu8mmqHIk/UEmmCnMGLWq75aFfkOw==",
        "dependencies": {
          "Microsoft.Extensions.Diagnostics.HealthChecks.Abstractions": "8.0.11",
          "Microsoft.Extensions.Hosting.Abstractions": "8.0.1",
          "Microsoft.Extensions.Logging.Abstractions": "8.0.2",
          "Microsoft.Extensions.Options": "8.0.2"
        }
      },
      "Microsoft.Extensions.Diagnostics.HealthChecks.Abstractions": {
        "type": "Transitive",
        "resolved": "8.0.11",
        "contentHash": "So3JUdRxozRjvQ3cxU6F3nI/i4emDnjane6yMYcJhvTTTu29ltlIdoXjkFGRceIWz8yKvuEpzXItZ0x5GvN2nQ=="
      },
      "Microsoft.Extensions.Features": {
        "type": "Transitive",
        "resolved": "10.0.11",
        "contentHash": "/ro7Ate9LihDcZP6ukTwUjFj3dBzz7tijNcGg4aYBa3RkjqC/cOPqxZtMrOS3RU3nhRLHX8WTKq9EKL/4V4r5A=="
      },
      "Microsoft.Extensions.FileProviders.Abstractions": {
        "type": "Transitive",
        "resolved": "10.0.11",
        "contentHash": "JOjac6SQQgZmdmB8WGEw61/7siqMZoWJMkmq2p1goJGxqI59lO6oB4bOl0jNsbaPBdYy5Mlkb+6U7T4+CjnD8Q==",
        "dependencies": {
          "Microsoft.Extensions.Primitives": "10.0.11"
        }
      },
      "Microsoft.Extensions.Hosting.Abstractions": {
        "type": "Transitive",
        "resolved": "10.0.11",
        "contentHash": "pwtpF7iF/NNaOBcX+pvMZ7y2+JAVbH5KkNrH9uMZtuVxVJsFTDiWiCR7Tk3HVptsAijaetipUZVRVK2LLq+nvA==",
        "dependencies": {
          "Microsoft.Extensions.Configuration.Abstractions": "10.0.11",
          "Microsoft.Extensions.DependencyInjection.Abstractions": "10.0.11",
          "Microsoft.Extensions.Diagnostics.Abstractions": "10.0.11",
          "Microsoft.Extensions.FileProviders.Abstractions": "10.0.11",
          "Microsoft.Extensions.Logging.Abstractions": "10.0.11"
        }
      },
      "Microsoft.Extensions.Http.Diagnostics": {
        "type": "Transitive",
        "resolved": "10.9.0",
        "contentHash": "jxxGX3bUe0ZZFtkMaigIJG44aGK6toE0EFhQwPYfTGLHw4EgXgceO8+RAdXZakK4BezpeDhR//6cxqmtae0I9Q==",
        "dependencies": {
          "Microsoft.Extensions.Http": "10.0.11",
          "Microsoft.Extensions.Telemetry": "10.9.0"
        }
      },
      "Microsoft.Extensions.Logging": {
        "type": "Transitive",
        "resolved": "10.0.11",
        "contentHash": "nUOJwgFkSiLHiVGFpU22pIJtuWYewuSYQ3JVuP/gdK8ASMT807Px+TYQiRWs6uSsOmoyFTaVCwKXTasczV6BpA==",
        "dependencies": {
          "Microsoft.Extensions.DependencyInjection": "10.0.11",
          "Microsoft.Extensions.Logging.Abstractions": "10.0.11",
          "Microsoft.Extensions.Options": "10.0.11"
        }
      },
      "Microsoft.Extensions.Logging.Abstractions": {
        "type": "Transitive",
        "resolved": "10.0.11",
        "contentHash": "Ljd0Uxoq5XpScD2Bg0nM/r3mwx7Ao5Uq24eo2ARxbGvqJ7Zht6rt2cJtwVRH4Cv+1ZVMdXz6TB43KbpmsxRrvQ==",
        "dependencies": {
          "Microsoft.Extensions.DependencyInjection.Abstractions": "10.0.11"
        }
      },
      "Microsoft.Extensions.Logging.Configuration": {
        "type": "Transitive",
        "resolved": "10.0.11",
        "contentHash": "S7LvLeVHKNPaY2NMyxW7c2TBGsLgxoSUBCV5Ev5iN8kgC7EPR2UB7eW7vHsElGMcIUDwRmoxLfvGDynCn3q6EA==",
        "dependencies": {
          "Microsoft.Extensions.Configuration": "10.0.11",
          "Microsoft.Extensions.Configuration.Abstractions": "10.0.11",
          "Microsoft.Extensions.Configuration.Binder": "10.0.11",
          "Microsoft.Extensions.DependencyInjection.Abstractions": "10.0.11",
          "Microsoft.Extensions.Logging": "10.0.11",
          "Microsoft.Extensions.Logging.Abstractions": "10.0.11",
          "Microsoft.Extensions.Options": "10.0.11",
          "Microsoft.Extensions.Options.ConfigurationExtensions": "10.0.11"
        }
      },
      "Microsoft.Extensions.ObjectPool": {
        "type": "Transitive",
        "resolved": "10.0.11",
        "contentHash": "p76ztQFROBOlHgdV1vXfmTjRyu073Av7ZlsiLR93ka6+nzkLCeV2ONXq0DO/BGf71REqGW29Uy/20fzQHAjB7Q=="
      },
      "Microsoft.Extensions.Options": {
        "type": "Transitive",
        "resolved": "10.0.11",
        "contentHash": "eY1GAKcTfD2maP27J84X9IovT3yjHJ2dVDzPmDg6/XqYvt3jMzJhtfQCLjG9pVsZGAd+8DQ2QrjaDcs2+VQLGw==",
        "dependencies": {
          "Microsoft.Extensions.DependencyInjection.Abstractions": "10.0.11",
          "Microsoft.Extensions.Primitives": "10.0.11"
        }
      },
      "Microsoft.Extensions.Options.ConfigurationExtensions": {
        "type": "Transitive",
        "resolved": "10.0.11",
        "contentHash": "syEhXQ/sEaSBFaqzlp9gDGHX/nk6gkQkh1sIUpBO1mlBj3Phu1rmb4ML1uCiyPW9N6Kxfxv3y5FGObC+bV01Qw==",
        "dependencies": {
          "Microsoft.Extensions.Configuration.Abstractions": "10.0.11",
          "Microsoft.Extensions.Configuration.Binder": "10.0.11",
          "Microsoft.Extensions.DependencyInjection.Abstractions": "10.0.11",
          "Microsoft.Extensions.Options": "10.0.11",
          "Microsoft.Extensions.Primitives": "10.0.11"
        }
      },
      "Microsoft.Extensions.Primitives": {
        "type": "Transitive",
        "resolved": "10.0.11",
        "contentHash": "SXcz+kF+4Oo9b1+55zntpJFYfwb1jw66ioxptyNOOTDc8g2FHnBFWjZpsWfCvZIhzr0x+4e2trVTs4OKwQfBtw=="
      },
      "Microsoft.Extensions.Resilience": {
        "type": "Transitive",
        "resolved": "10.9.0",
        "contentHash": "LXMTKZGNzs3fsjKytTVeIEdp+yssJon7PW3VbxERZeqALA2Za/AQzt2h6K64PZ2NzgfFnX4rCJp6aTe+ocX83A==",
        "dependencies": {
          "Microsoft.Extensions.Diagnostics": "10.0.11",
          "Microsoft.Extensions.Diagnostics.ExceptionSummarization": "10.9.0",
          "Microsoft.Extensions.Options.ConfigurationExtensions": "10.0.11",
          "Microsoft.Extensions.Telemetry.Abstractions": "10.9.0",
          "Polly.Extensions": "8.4.2",
          "Polly.RateLimiting": "8.4.2"
        }
      },
      "Microsoft.Extensions.ServiceDiscovery.Abstractions": {
        "type": "Transitive",
        "resolved": "10.9.0",
        "contentHash": "rn+D8DCZN0jlo7exll5QyeX+SXjyBxPsD4jG0ffqANcPBEdpP3bPBChLmCoSsqe62qqta94reBdFgJHciNARZQ==",
        "dependencies": {
          "Microsoft.Extensions.Configuration.Abstractions": "10.0.11",
          "Microsoft.Extensions.Configuration.Binder": "10.0.11",
          "Microsoft.Extensions.DependencyInjection.Abstractions": "10.0.11",
          "Microsoft.Extensions.Features": "10.0.11",
          "Microsoft.Extensions.Logging.Abstractions": "10.0.11",
          "Microsoft.Extensions.Options": "10.0.11",
          "Microsoft.Extensions.Primitives": "10.0.11"
        }
      },
      "Microsoft.Extensions.Telemetry": {
        "type": "Transitive",
        "resolved": "10.9.0",
        "contentHash": "RpV3VzPa1YoHqvE2Q4uOuVjioVJhLOhaz4FXIE3XAEvla4qujnM+wFB7QnTAmIJxlg7lbBslkIHJQzpI8yHDQQ==",
        "dependencies": {
          "Microsoft.Extensions.AmbientMetadata.Application": "10.9.0",
          "Microsoft.Extensions.DependencyInjection.AutoActivation": "10.9.0",
          "Microsoft.Extensions.Logging.Configuration": "10.0.11",
          "Microsoft.Extensions.ObjectPool": "10.0.11",
          "Microsoft.Extensions.Telemetry.Abstractions": "10.9.0"
        }
      },
      "Microsoft.Extensions.Telemetry.Abstractions": {
        "type": "Transitive",
        "resolved": "10.9.0",
        "contentHash": "rCyM64XvBNi2IY/5noMVsJjt22zVmnI+8tGrb6JnPRW/75Nyv9Hi+7gkxb7zQcR0+2mzS1sAqPXz2PsdHZCqHg==",
        "dependencies": {
          "Microsoft.Extensions.Compliance.Abstractions": "10.9.0",
          "Microsoft.Extensions.Logging.Abstractions": "10.0.11",
          "Microsoft.Extensions.ObjectPool": "10.0.11",
          "Microsoft.Extensions.Options": "10.0.11"
        }
      },
      "Microsoft.Identity.Client": {
        "type": "Transitive",
        "resolved": "4.84.2",
        "contentHash": "Va9FjmABSgj/lcUfHH0pBNQkmS7SNyepz2ERV7Yynp6QgEYpFdSqR6Vzy1WWipN8GS5pBHuXoZbqaDWuARCrHQ==",
        "dependencies": {
          "Microsoft.IdentityModel.Abstractions": "8.14.0",
          "System.Diagnostics.DiagnosticSource": "6.0.1"
        }
      },
      "Microsoft.Identity.Client.Extensions.Msal": {
        "type": "Transitive",
        "resolved": "4.84.2",
        "contentHash": "+D98LaU3dOu/Nzs6kgbBJapMvH7iwYcAeC99XwSkpmEadsPv6rozecOl9P6m4A3RfpOuPt9e6J6TwwUUp3+M4w==",
        "dependencies": {
          "Microsoft.Identity.Client": "4.84.2",
          "System.Security.Cryptography.ProtectedData": "4.5.0"
        }
      },
      "Microsoft.IdentityModel.Abstractions": {
        "type": "Transitive",
        "resolved": "8.14.0",
        "contentHash": "iwbCpSjD3ehfTwBhtSNEtKPK0ICun6ov7Ibx6ISNA9bfwIyzI2Siwyi9eJFCJBwxowK9xcA1mj+jBWiigeqgcQ=="
      },
      "Microsoft.IdentityModel.JsonWebTokens": {
        "type": "Transitive",
        "resolved": "6.35.0",
        "contentHash": "9wxai3hKgZUb4/NjdRKfQd0QJvtXKDlvmGMYACbEC8DFaicMFCFhQFZq9ZET1kJLwZahf2lfY5Gtcpsx8zYzbg==",
        "dependencies": {
          "Microsoft.IdentityModel.Tokens": "6.35.0",
          "System.Text.Encoding": "4.3.0",
          "System.Text.Encodings.Web": "4.7.2",
          "System.Text.Json": "4.7.2"
        }
      },
      "Microsoft.IdentityModel.Logging": {
        "type": "Transitive",
        "resolved": "6.35.0",
        "contentHash": "jePrSfGAmqT81JDCNSY+fxVWoGuJKt9e6eJ+vT7+quVS55nWl//jGjUQn4eFtVKt4rt5dXaleZdHRB9J9AJZ7Q==",
        "dependencies": {
          "Microsoft.IdentityModel.Abstractions": "6.35.0"
        }
      },
      "Microsoft.IdentityModel.Protocols": {
        "type": "Transitive",
        "resolved": "6.35.0",
        "contentHash": "BPQhlDzdFvv1PzaUxNSk+VEPwezlDEVADIKmyxubw7IiELK18uJ06RQ9QKKkds30XI+gDu9n8j24XQ8w7fjWcg==",
        "dependencies": {
          "Microsoft.IdentityModel.Logging": "6.35.0",
          "Microsoft.IdentityModel.Tokens": "6.35.0"
        }
      },
      "Microsoft.IdentityModel.Protocols.OpenIdConnect": {
        "type": "Transitive",
        "resolved": "6.35.0",
        "contentHash": "LMtVqnECCCdSmyFoCOxIE5tXQqkOLrvGrL7OxHg41DIm1bpWtaCdGyVcTAfOQpJXvzND9zUKIN/lhngPkYR8vg==",
        "dependencies": {
          "Microsoft.IdentityModel.Protocols": "6.35.0",
          "System.IdentityModel.Tokens.Jwt": "6.35.0"
        }
      },
      "Microsoft.IdentityModel.Tokens": {
        "type": "Transitive",
        "resolved": "6.35.0",
        "contentHash": "RN7lvp7s3Boucg1NaNAbqDbxtlLj5Qeb+4uSS1TeK5FSBVM40P4DKaTKChT43sHyKfh7V0zkrMph6DdHvyA4bg==",
        "dependencies": {
          "Microsoft.CSharp": "4.5.0",
          "Microsoft.IdentityModel.Logging": "6.35.0",
          "System.Security.Cryptography.Cng": "4.5.0"
        }
      },
      "Microsoft.NETCore.Platforms": {
        "type": "Transitive",
        "resolved": "1.1.0",
        "contentHash": "kz0PEW2lhqygehI/d6XsPCQzD7ff7gUJaVGPVETX611eadGsA3A877GdSlU0LRVMCTH/+P3o2iDTak+S08V2+A=="
      },
      "Microsoft.NETCore.Targets": {
        "type": "Transitive",
        "resolved": "1.1.0",
        "contentHash": "aOZA3BWfz9RXjpzt0sRJJMjAscAUm3Hoa4UWAfceV9UTYxgwZ1lZt5nO2myFf+/jetYQo4uTP7zS8sJY67BBxg=="
      },
      "Microsoft.SqlServer.Server": {
        "type": "Transitive",
        "resolved": "1.0.0",
        "contentHash": "N4KeF3cpcm1PUHym1RmakkzfkEv3GRMyofVv40uXsQhCQeglr2OHNcUk2WOG51AKpGO8ynGpo9M/kFXSzghwug=="
      },
      "OpenTelemetry": {
        "type": "Transitive",
        "resolved": "1.18.0",
        "contentHash": "13AKxycK+olOLe061MjliPTNBR/DUkjyRr0b9zwUhKyMjFS8lXS7G31R85rkbM55up2YFmdykWdAw2giBDJpiQ==",
        "dependencies": {
          "Microsoft.Extensions.Configuration.EnvironmentVariables": "10.0.0",
          "Microsoft.Extensions.Diagnostics.Abstractions": "10.0.0",
          "Microsoft.Extensions.Logging.Configuration": "10.0.0",
          "OpenTelemetry.Api.ProviderBuilderExtensions": "1.18.0"
        }
      },
      "OpenTelemetry.Api.ProviderBuilderExtensions": {
        "type": "Transitive",
        "resolved": "1.18.0",
        "contentHash": "io6A6PJFp3vIObRGf6oPjdHsdglkinXt/0SpTDJHrVnsLxUtOzwh/QwTsnhBJ43wJ6QcGMkyNzsSSY8XEB1Q5Q==",
        "dependencies": {
          "Microsoft.Extensions.DependencyInjection.Abstractions": "10.0.0",
          "OpenTelemetry.Api": "1.18.0"
        }
      },
      "OpenTelemetry.PersistentStorage.Abstractions": {
        "type": "Transitive",
        "resolved": "1.0.3",
        "contentHash": "7nSE1uLY0KOHRssg1xQydDZJ/s9zECOzFT/gSDIp1KTxbgd1yziuMTsdBKZ/N1BbpUxfH6Pjq5OMd7lYogwReA=="
      },
      "OpenTelemetry.PersistentStorage.FileSystem": {
        "type": "Transitive",
        "resolved": "1.0.3",
        "contentHash": "3k+yCroJcGBtZIia+0LgzMlBuD0U95BzcWNEGWedusBaRAD8EmkaCPAUwaCtFbb/Mg7HywbIG2zuenANPYFJ0g==",
        "dependencies": {
          "OpenTelemetry.PersistentStorage.Abstractions": "1.0.3"
        }
      },
      "Pipelines.Sockets.Unofficial": {
        "type": "Transitive",
        "resolved": "2.2.8",
        "contentHash": "zG2FApP5zxSx6OcdJQLbZDk2AVlN2BNQD6MorwIfV6gVj0RRxWPEp2LXAxqDGZqeNV1Zp0BNPcNaey/GXmTdvQ==",
        "dependencies": {
          "System.IO.Pipelines": "5.0.1"
        }
      },
      "Polly.Extensions": {
        "type": "Transitive",
        "resolved": "8.4.2",
        "contentHash": "GZ9vRVmR0jV2JtZavt+pGUsQ1O1cuRKG7R7VOZI6ZDy9y6RNPvRvXK1tuS4ffUrv8L0FTea59oEuQzgS0R7zSA==",
        "dependencies": {
          "Microsoft.Extensions.Logging.Abstractions": "8.0.0",
          "Microsoft.Extensions.Options": "8.0.0",
          "Polly.Core": "8.4.2"
        }
      },
      "Polly.RateLimiting": {
        "type": "Transitive",
        "resolved": "8.4.2",
        "contentHash": "ehTImQ/eUyO07VYW2WvwSmU9rRH200SKJ/3jku9rOkyWE0A2JxNFmAVms8dSn49QLSjmjFRRSgfNyOgr/2PSmA==",
        "dependencies": {
          "Polly.Core": "8.4.2",
          "System.Threading.RateLimiting": "8.0.0"
        }
      },
      "RabbitMQ.Client": {
        "type": "Transitive",
        "resolved": "7.0.0",
        "contentHash": "8YJz22mOSMtkbIVuVSz2HbJwbpKwRoXQ1uqbczDUt1w1Ds8dxFs6dkV/oZ8AlTmkErZjtQelHv+oBu52ud00WA==",
        "dependencies": {
          "System.IO.Pipelines": "8.0.0",
          "System.Threading.RateLimiting": "8.0.0"
        }
      },
      "Serilog": {
        "type": "Transitive",
        "resolved": "4.3.0",
        "contentHash": "+cDryFR0GRhsGOnZSKwaDzRRl4MupvJ42FhCE4zhQRVanX0Jpg6WuCBk59OVhVDPmab1bB+nRykAnykYELA9qQ=="
      },
      "Serilog.Extensions.Hosting": {
        "type": "Transitive",
        "resolved": "10.0.0",
        "contentHash": "E7juuIc+gzoGxgzFooFgAV8g9BfiSXNKsUok9NmEpyAXg2odkcPsMa/Yo4axkJRlh0se7mkYQ1GXDaBemR+b6w==",
        "dependencies": {
          "Microsoft.Extensions.DependencyInjection.Abstractions": "10.0.0",
          "Microsoft.Extensions.Hosting.Abstractions": "10.0.0",
          "Microsoft.Extensions.Logging.Abstractions": "10.0.0",
          "Serilog": "4.3.0",
          "Serilog.Extensions.Logging": "10.0.0"
        }
      },
      "Serilog.Extensions.Logging": {
        "type": "Transitive",
        "resolved": "10.0.0",
        "contentHash": "vx0kABKl2dWbBhhqAfTOk53/i8aV/5VaT3a6il9gn72Wqs2pM7EK2OB6No6xdqK2IaY6Zf9gdjLuK9BVa2rT+Q==",
        "dependencies": {
          "Microsoft.Extensions.Logging": "10.0.0",
          "Serilog": "4.2.0"
        }
      },
      "Serilog.Formatting.Compact": {
        "type": "Transitive",
        "resolved": "3.0.0",
        "contentHash": "wQsv14w9cqlfB5FX2MZpNsTawckN4a8dryuNGbebB/3Nh1pXnROHZov3swtu3Nj5oNG7Ba+xdu7Et/ulAUPanQ==",
        "dependencies": {
          "Serilog": "4.0.0"
        }
      },
      "Serilog.Settings.Configuration": {
        "type": "Transitive",
        "resolved": "10.0.0",
        "contentHash": "LNq+ibS1sbhTqPV1FIE69/9AJJbfaOhnaqkzcjFy95o+4U+STsta9mi97f1smgXsWYKICDeGUf8xUGzd/52/uA==",
        "dependencies": {
          "Microsoft.Extensions.Configuration.Binder": "10.0.0",
          "Microsoft.Extensions.DependencyModel": "10.0.0",
          "Serilog": "4.3.0"
        }
      },
      "Serilog.Sinks.Debug": {
        "type": "Transitive",
        "resolved": "3.0.0",
        "contentHash": "4BzXcdrgRX7wde9PmHuYd9U6YqycCC28hhpKonK7hx0wb19eiuRj16fPcPSVp0o/Y1ipJuNLYQ00R3q2Zs8FDA==",
        "dependencies": {
          "Serilog": "4.0.0"
        }
      },
      "SQLite": {
        "type": "Transitive",
        "resolved": "3.53.4",
        "contentHash": "KN7jeWqgUPeBRe1FlcpZURzxomuKKEKHmBBQfg+Nx7NkY1LjKhzHvH+3ASkNvhayESE34nMBinL9CV21JfPRJw=="
      },
      "SQLitePCLRaw.config.e_sqlite3": {
        "type": "Transitive",
        "resolved": "3.0.5",
        "contentHash": "aSk8WE5tF2MybESMgtZAEyMVCAWA0nBqOMc48HFoa9UoSdtm3goDXVzNRnefeKIwE6bV9NaNXptn1F9ReMQI0Q==",
        "dependencies": {
          "SQLitePCLRaw.provider.e_sqlite3": "3.0.5"
        }
      },
      "SQLitePCLRaw.core": {
        "type": "Transitive",
        "resolved": "3.0.5",
        "contentHash": "k81AYXXRCw3Zj8rOhyBoCsx/U97KYDFI2CSKr/ijl5BwpsW/hX/4kBiDmerFaoust8nxBwa0IHQFw8MmSHRtnQ=="
      },
      "SQLitePCLRaw.provider.e_sqlite3": {
        "type": "Transitive",
        "resolved": "3.0.5",
        "contentHash": "um8YSWduhhuskTG2bHfZrBqMNQOydfU8pcseT+cu5RivOGyoUbCrGXxgoRNTmRYw2VbMWnEZVVFcneZT/5dsBg==",
        "dependencies": {
          "SQLitePCLRaw.core": "3.0.5"
        }
      },
      "StyleCop.Analyzers.Unstable": {
        "type": "Transitive",
        "resolved": "1.2.0.556",
        "contentHash": "zvn9Mqs/ox/83cpYPignI8hJEM2A93s2HkHs8HYMOAQW0PkampyoErAiIyKxgTLqbbad29HX/shv/6LGSjPJNQ=="
      },
      "System.ClientModel": {
        "type": "Transitive",
        "resolved": "1.15.0",
        "contentHash": "y6zQLInrpX+oGL1gXM04DrUSu1O1esWxt4rD/zrujTnzIFChn/noD1OiVVpTrU8ZvglwqO2Uw038svUR3SiAOg==",
        "dependencies": {
          "Microsoft.Extensions.Configuration.Abstractions": "10.0.9",
          "Microsoft.Extensions.Hosting.Abstractions": "10.0.9",
          "Microsoft.Extensions.Logging.Abstractions": "10.0.9",
          "System.Memory.Data": "10.0.9"
        }
      },
      "System.Configuration.ConfigurationManager": {
        "type": "Transitive",
        "resolved": "8.0.0",
        "contentHash": "JlYi9XVvIREURRUlGMr1F6vOFLk7YSY4p1vHo4kX3tQ0AGrjqlRWHDi66ImHhy6qwXBG3BJ6Y1QlYQ+Qz6Xgww==",
        "dependencies": {
          "System.Diagnostics.EventLog": "8.0.0",
          "System.Security.Cryptography.ProtectedData": "8.0.0"
        }
      },
      "System.Diagnostics.DiagnosticSource": {
        "type": "Transitive",
        "resolved": "6.0.1",
        "contentHash": "KiLYDu2k2J82Q9BJpWiuQqCkFjRBWVq4jDzKKWawVi9KWzyD0XG3cmfX0vqTQlL14Wi9EufJrbL0+KCLTbqWiQ==",
        "dependencies": {
          "System.Runtime.CompilerServices.Unsafe": "6.0.0"
        }
      },
      "System.Diagnostics.EventLog": {
        "type": "Transitive",
        "resolved": "8.0.0",
        "contentHash": "fdYxcRjQqTTacKId/2IECojlDSFvp7LP5N78+0z/xH7v/Tuw5ZAxu23Y6PTCRinqyu2ePx+Gn1098NC6jM6d+A=="
      },
      "System.IO.Hashing": {
        "type": "Transitive",
        "resolved": "10.0.3",
        "contentHash": "La6ICwsdTKhVX+LKN+pvFjQRR3LhLwq3uKdi2knjLzRyPYBSydF4cjXidYxIiTcDD6XVYdsBWQEI8ZxiZ/OdIg=="
      },
      "System.IO.Pipelines": {
        "type": "Transitive",
        "resolved": "8.0.0",
        "contentHash": "FHNOatmUq0sqJOkTx+UF/9YK1f180cnW5FVqnQMvYUN0elp6wFzbtPSiqbo1/ru8ICp43JM1i7kKkk6GsNGHlA=="
      },
      "System.Memory.Data": {
        "type": "Transitive",
        "resolved": "10.0.9",
        "contentHash": "YweovHiLUoEdbr2Xv8eRqCSkTu1vMms4a6xBHaQiMSFVy32PL+hXv6Vhol2NWOmLHjaVgTyhJ3R52U6JxS6w3Q=="
      },
      "System.Runtime": {
        "type": "Transitive",
        "resolved": "4.3.0",
        "contentHash": "JufQi0vPQ0xGnAczR13AUFglDyVYt4Kqnz1AZaiKZ5+GICq0/1MH/mO/eAJHt/mHW1zjKBJd7kV26SrxddAhiw==",
        "dependencies": {
          "Microsoft.NETCore.Platforms": "1.1.0",
          "Microsoft.NETCore.Targets": "1.1.0"
        }
      },
      "System.Runtime.Caching": {
        "type": "Transitive",
        "resolved": "8.0.0",
        "contentHash": "4TmlmvGp4kzZomm7J2HJn6IIx0UUrQyhBDyb5O1XiunZlQImXW+B8b7W/sTPcXhSf9rp5NR5aDtQllwbB5elOQ==",
        "dependencies": {
          "System.Configuration.ConfigurationManager": "8.0.0"
        }
      },
      "System.Runtime.CompilerServices.Unsafe": {
        "type": "Transitive",
        "resolved": "6.0.0",
        "contentHash": "/iUeP3tq1S0XdNNoMz5C9twLSrM/TH+qElHkXWaPvuNOt+99G75NrV0OS2EqHx5wMN7popYjpc8oTjC1y16DLg=="
      },
      "System.Security.Cryptography.Cng": {
        "type": "Transitive",
        "resolved": "4.5.0",
        "contentHash": "WG3r7EyjUe9CMPFSs6bty5doUqT+q9pbI80hlNzo2SkPkZ4VTuZkGWjpp77JB8+uaL4DFPRdBsAY+DX3dBK92A=="
      },
      "System.Security.Cryptography.Pkcs": {
        "type": "Transitive",
        "resolved": "10.0.11",
        "contentHash": "8IV+rI3xN/Mkq9MsSX7VZTv9T9Wt+tyhHLwBX9VNZBk8m8kknEs1JeTSjI2x9M2L/fSja+c2WSE5n5Yy0GXdoQ=="
      },
      "System.Security.Cryptography.ProtectedData": {
        "type": "Transitive",
        "resolved": "8.0.0",
        "contentHash": "+TUFINV2q2ifyXauQXRwy4CiBhqvDEDZeVJU7qfxya4aRYOKzVBpN+4acx25VcPB9ywUN6C0n8drWl110PhZEg=="
      },
      "System.Text.Encoding": {
        "type": "Transitive",
        "resolved": "4.3.0",
        "contentHash": "BiIg+KWaSDOITze6jGQynxg64naAPtqGHBwDrLaCtixsa5bKiR8dpPOHA7ge3C0JJQizJE+sfkz1wV+BAKAYZw==",
        "dependencies": {
          "Microsoft.NETCore.Platforms": "1.1.0",
          "Microsoft.NETCore.Targets": "1.1.0",
          "System.Runtime": "4.3.0"
        }
      },
      "System.Text.Encodings.Web": {
        "type": "Transitive",
        "resolved": "4.7.2",
        "contentHash": "iTUgB/WtrZ1sWZs84F2hwyQhiRH6QNjQv2DkwrH+WP6RoFga2Q1m3f9/Q7FG8cck8AdHitQkmkXSY8qylcDmuA=="
      },
      "System.Text.Json": {
        "type": "Transitive",
        "resolved": "4.7.2",
        "contentHash": "TcMd95wcrubm9nHvJEQs70rC0H/8omiSGGpU4FQ/ZA1URIqD4pjmFJh2Mfv1yH1eHgJDWTi2hMDXwTET+zOOyg=="
      },
      "System.Threading.RateLimiting": {
        "type": "Transitive",
        "resolved": "8.0.0",
        "contentHash": "7mu9v0QDv66ar3DpGSZHg9NuNcxDaaAcnMULuZlaTpP9+hwXhrxNGsF5GmLkSHxFdb5bBc1TzeujsRgTrPWi+Q=="
      },
      "mmca.common.shared": {
        "type": "Project"
      },
      "Microsoft.Data.SqlClient": {
        "type": "CentralTransitive",
        "requested": "[7.0.2, )",
        "resolved": "5.2.2",
        "contentHash": "mtoeRMh7F/OA536c/Cnh8L4H0uLSKB5kSmoi54oN7Fp0hNJDy22IqyMhaMH4PkDCqI7xL//Fvg9ldtuPHG0h5g==",
        "dependencies": {
          "Azure.Identity": "1.11.4",
          "Microsoft.Data.SqlClient.SNI.runtime": "5.2.0",
          "Microsoft.Identity.Client": "4.61.3",
          "Microsoft.IdentityModel.JsonWebTokens": "6.35.0",
          "Microsoft.IdentityModel.Protocols.OpenIdConnect": "6.35.0",
          "Microsoft.SqlServer.Server": "1.0.0",
          "System.Configuration.ConfigurationManager": "8.0.0",
          "System.Runtime.Caching": "8.0.0"
        }
      },
      "Microsoft.Extensions.Configuration.Abstractions": {
        "type": "CentralTransitive",
        "requested": "[10.0.11, )",
        "resolved": "10.0.11",
        "contentHash": "fVi053xdpda9Em7vSkmgVxO/PtgC2m78ekReKWsgcyskqY0U82Bz/MONwxpGzI0hElYKJfw+fupqMVeKW3fSaA==",
        "dependencies": {
          "Microsoft.Extensions.Primitives": "10.0.11"
        }
      },
      "Microsoft.Extensions.Http": {
        "type": "CentralTransitive",
        "requested": "[10.0.11, )",
        "resolved": "10.0.11",
        "contentHash": "ujx8RvcKzkxPFBguwgiygbwWVHVK0P7HFlNJ6I0JBRb28tzwe42jixBoA+dGmqG9IHepPVcm04vv2IDnU93ekA==",
        "dependencies": {
          "Microsoft.Extensions.Configuration.Abstractions": "10.0.11",
          "Microsoft.Extensions.DependencyInjection.Abstractions": "10.0.11",
          "Microsoft.Extensions.Diagnostics": "10.0.11",
          "Microsoft.Extensions.Logging": "10.0.11",
          "Microsoft.Extensions.Logging.Abstractions": "10.0.11",
          "Microsoft.Extensions.Options": "10.0.11"
        }
      },
      "Polly.Core": {
        "type": "CentralTransitive",
        "requested": "[8.7.0, )",
        "resolved": "8.4.2",
        "contentHash": "BpE2I6HBYYA5tF0Vn4eoQOGYTYIK1BlF5EXVgkWGn3mqUUjbXAr13J6fZVbp7Q3epRR8yshacBMlsHMhpOiV3g=="
      },
      "StackExchange.Redis": {
        "type": "CentralTransitive",
        "requested": "[3.1.31, )",
        "resolved": "2.7.4",
        "contentHash": "lD6a0lGOCyV9iuvObnzStL74EDWAyK31w6lS+Md9gIz1eP4U6KChDIflzTdtrktxlvVkeOvPtkaYOcm4qjbHSw==",
        "dependencies": {
          "Microsoft.Extensions.Logging.Abstractions": "6.0.0",
          "Pipelines.Sockets.Unofficial": "2.2.8"
        }
      },
      "System.IdentityModel.Tokens.Jwt": {
        "type": "CentralTransitive",
        "requested": "[8.22.0, )",
        "resolved": "6.35.0",
        "contentHash": "yxGIQd3BFK7F6S62/7RdZk3C/mfwyVxvh6ngd1VYMBmbJ1YZZA9+Ku6suylVtso0FjI0wbElpJ0d27CdsyLpBQ==",
        "dependencies": {
          "Microsoft.IdentityModel.JsonWebTokens": "6.35.0",
          "Microsoft.IdentityModel.Tokens": "6.35.0"
        }
      }
    }
  }
}